
Microsoft Visual Studio Solution File, Format Version 12.00
# Visual Studio Version 17
VisualStudioVersion = 17.0.31903.59
MinimumVisualStudioVersion = 10.0.40219.1
Project("{2150E333-8FDC-42A3-9474-1A3956D46DE8}") = "tests", "tests", "{E60A4DEC-B3CD-4746-9864-CFC77773A889}"
EndProject
Project("{2150E333-8FDC-42A3-9474-1A3956D46DE8}") = "src", "src", "{3930D28E-F835-4A30-B1FC-86276F8B573B}"
EndProject
Project("{2150E333-8FDC-42A3-9474-1A3956D46DE8}") = "AuthServer", "AuthServer", "{3845A300-699A-432D-BA27-B8032F20313E}"
EndProject
Project("{2150E333-8FDC-42A3-9474-1A3956D46DE8}") = "ChatServer", "ChatServer", "{E2EA432D-DA10-4C38-A66C-141495859317}"
EndProject
Project("{2150E333-8FDC-42A3-9474-1A3956D46DE8}") = "Shared", "Shared", "{715D2011-5EC8-4239-A9BF-E623A5F627E3}"
EndProject
Project("{FAE04EC0-301F-11D3-BF4B-00C04F79EFBC}") = "AuthServer.Core", "AuthServer\AuthServer.Core\AuthServer.Core.csproj", "{98C4C0F3-57F9-4F8E-85B4-86B0850DF595}"
EndProject
Project("{FAE04EC0-301F-11D3-BF4B-00C04F79EFBC}") = "AuthServer.Domain", "AuthServer\AuthServer.Domain\AuthServer.Domain.csproj", "{3CD936D0-091D-4A1E-930B-21946B432E8C}"
EndProject
Project("{FAE04EC0-301F-11D3-BF4B-00C04F79EFBC}") = "AuthServer.Infrastructure", "AuthServer\AuthServer.Infrastructure\AuthServer.Infrastructure.csproj", "{D5EC8DEB-95A5-4CE5-8B12-4D2AC1C38236}"
EndProject
Project("{FAE04EC0-301F-11D3-BF4B-00C04F79EFBC}") = "Shared.Domain", "Shared\Shared.Domain\Shared.Domain.csproj", "{62B13D00-8942-4DAF-BEB4-FD61A18B998C}"
EndProject
Project("{FAE04EC0-301F-11D3-BF4B-00C04F79EFBC}") = "Shared.Infrastructure", "Shared\Shared.Infrastructure\Shared.Infrastructure.csproj", "{2200257E-95E7-496E-B312-DFC2B0E97661}"
EndProject
Project("{FAE04EC0-301F-11D3-BF4B-00C04F79EFBC}") = "AuthServer.Api", "AuthServer\AuthServer.Api\AuthServer.Api.csproj", "{1BEEA7EC-88F6-45CC-A280-C9D039D34E8A}"
EndProject
Global
	GlobalSection(SolutionConfigurationPlatforms) = preSolution
		Debug|Any CPU = Debug|Any CPU
		Release|Any CPU = Release|Any CPU
	EndGlobalSection
	GlobalSection(ProjectConfigurationPlatforms) = postSolution
		{98C4C0F3-57F9-4F8E-85B4-86B0850DF595}.Debug|Any CPU.ActiveCfg = Debug|Any CPU
		{98C4C0F3-57F9-4F8E-85B4-86B0850DF595}.Debug|Any CPU.Build.0 = Debug|Any CPU
		{98C4C0F3-57F9-4F8E-85B4-86B0850DF595}.Release|Any CPU.ActiveCfg = Release|Any CPU
		{98C4C0F3-57F9-4F8E-85B4-86B0850DF595}.Release|Any CPU.Build.0 = Release|Any CPU
		{3CD936D0-091D-4A1E-930B-21946B432E8C}.Debug|Any CPU.ActiveCfg = Debug|Any CPU
		{3CD936D0-091D-4A1E-930B-21946B432E8C}.Debug|Any CPU.Build.0 = Debug|Any CPU
		{3CD936D0-091D-4A1E-930B-21946B432E8C}.Release|Any CPU.ActiveCfg = Release|Any CPU
		{3CD936D0-091D-4A1E-930B-21946B432E8C}.Release|Any CPU.Build.0 = Release|Any CPU
		{D5EC8DEB-95A5-4CE5-8B12-4D2AC1C38236}.Debug|Any CPU.ActiveCfg = Debug|Any CPU
		{D5EC8DEB-95A5-4CE5-8B12-4D2AC1C38236}.Debug|Any CPU.Build.0 = Debug|Any CPU
		{D5EC8DEB-95A5-4CE5-8B12-4D2AC1C38236}.Release|Any CPU.ActiveCfg = Release|Any CPU
		{D5EC8DEB-95A5-4CE5-8B12-4D2AC1C38236}.Release|Any CPU.Build.0 = Release|Any CPU
		{62B13D00-8942-4DAF-BEB4-FD61A18B998C}.Debug|Any CPU.ActiveCfg = Debug|Any CPU
		{62B13D00-8942-4DAF-BEB4-FD61A18B998C}.Debug|Any CPU.Build.0 = Debug|Any CPU
		{62B13D00-8942-4DAF-BEB4-FD61A18B998C}.Release|Any CPU.ActiveCfg = Release|Any CPU
		{62B13D00-8942-4DAF-BEB4-FD61A18B998C}.Release|Any CPU.Build.0 = Release|Any CPU
		{2200257E-95E7-496E-B312-DFC2B0E97661}.Debug|Any CPU.ActiveCfg = Debug|Any CPU
		{2200257E-95E7-496E-B312-DFC2B0E97661}.Debug|Any CPU.Build.0 = Debug|Any CPU
		{2200257E-95E7-496E-B312-DFC2B0E97661}.Release|Any CPU.ActiveCfg = Release|Any CPU
		{2200257E-95E7-496E-B312-DFC2B0E97661}.Release|Any CPU.Build.0 = Release|Any CPU
		{1BEEA7EC-88F6-45CC-A280-C9D039D34E8A}.Debug|Any CPU.ActiveCfg = Debug|Any CPU
		{1BEEA7EC-88F6-45CC-A280-C9D039D34E8A}.Debug|Any CPU.Build.0 = Debug|Any CPU
		{1BEEA7EC-88F6-45CC-A280-C9D039D34E8A}.Release|Any CPU.ActiveCfg = Release|Any CPU
		{1BEEA7EC-88F6-45CC-A280-C9D039D34E8A}.Release|Any CPU.Build.0 = Release|Any CPU
	EndGlobalSection
	GlobalSection(SolutionProperties) = preSolution
		HideSolutionNode = FALSE
	EndGlobalSection
	GlobalSection(NestedProjects) = preSolution
		{3845A300-699A-432D-BA27-B8032F20313E} = {3930D28E-F835-4A30-B1FC-86276F8B573B}
		{E2EA432D-DA10-4C38-A66C-141495859317} = {3930D28E-F835-4A30-B1FC-86276F8B573B}
		{715D2011-5EC8-4239-A9BF-E623A5F627E3} = {3930D28E-F835-4A30-B1FC-86276F8B573B}
		{98C4C0F3-57F9-4F8E-85B4-86B0850DF595} = {3845A300-699A-432D-BA27-B8032F20313E}
		{3CD936D0-091D-4A1E-930B-21946B432E8C} = {3845A300-699A-432D-BA27-B8032F20313E}
		{D5EC8DEB-95A5-4CE5-8B12-4D2AC1C38236} = {3845A300-699A-432D-BA27-B8032F20313E}
		{62B13D00-8942-4DAF-BEB4-FD61A18B998C} = {715D2011-5EC8-4239-A9BF-E623A5F627E3}
		{2200257E-95E7-496E-B312-DFC2B0E97661} = {715D2011-5EC8-4239-A9BF-E623A5F627E3}
		{1BEEA7EC-88F6-45CC-A280-C9D039D34E8A} = {3845A300-699A-432D-BA27-B8032F20313E}
	EndGlobalSection
EndGlobal
