
Microsoft Visual Studio Solution File, Format Version 12.00
# Visual Studio Version 17
VisualStudioVersion = 17.0.31903.59
MinimumVisualStudioVersion = 10.0.40219.1
Project("{FAE04EC0-301F-11D3-BF4B-00C04F79EFBC}") = "ChatgptDemo", "ChatgptDemo\ChatgptDemo.csproj", "{582FF04A-307B-4D6A-9A1A-C504E0640647}"
EndProject
Project("{2150E333-8FDC-42A3-9474-1A3956D46DE8}") = "Common", "Common", "{0C7B7E07-2D85-4838-87EF-5B7E1C2CABE9}"
EndProject
Project("{FAE04EC0-301F-11D3-BF4B-00C04F79EFBC}") = "Common.Core", "Common\Common.Core\Common.Core.csproj", "{7553A019-ED97-4331-9899-2436594EDCB9}"
EndProject
Project("{FAE04EC0-301F-11D3-BF4B-00C04F79EFBC}") = "EntrySystemDemo", "EntrySystemDemo\EntrySystemDemo.csproj", "{EAD51AD5-3A7A-4F57-9CA8-41702C63474A}"
EndProject
Project("{2150E333-8FDC-42A3-9474-1A3956D46DE8}") = "Tests", "Tests", "{BB8DF83C-2DDA-4A4E-A760-070B628F299B}"
EndProject
Global
	GlobalSection(SolutionConfigurationPlatforms) = preSolution
		Debug|Any CPU = Debug|Any CPU
		Release|Any CPU = Release|Any CPU
	EndGlobalSection
	GlobalSection(ProjectConfigurationPlatforms) = postSolution
		{582FF04A-307B-4D6A-9A1A-C504E0640647}.Debug|Any CPU.ActiveCfg = Debug|Any CPU
		{582FF04A-307B-4D6A-9A1A-C504E0640647}.Debug|Any CPU.Build.0 = Debug|Any CPU
		{582FF04A-307B-4D6A-9A1A-C504E0640647}.Release|Any CPU.ActiveCfg = Release|Any CPU
		{582FF04A-307B-4D6A-9A1A-C504E0640647}.Release|Any CPU.Build.0 = Release|Any CPU
		{7553A019-ED97-4331-9899-2436594EDCB9}.Debug|Any CPU.ActiveCfg = Debug|Any CPU
		{7553A019-ED97-4331-9899-2436594EDCB9}.Debug|Any CPU.Build.0 = Debug|Any CPU
		{7553A019-ED97-4331-9899-2436594EDCB9}.Release|Any CPU.ActiveCfg = Release|Any CPU
		{7553A019-ED97-4331-9899-2436594EDCB9}.Release|Any CPU.Build.0 = Release|Any CPU
		{EAD51AD5-3A7A-4F57-9CA8-41702C63474A}.Debug|Any CPU.ActiveCfg = Debug|Any CPU
		{EAD51AD5-3A7A-4F57-9CA8-41702C63474A}.Debug|Any CPU.Build.0 = Debug|Any CPU
		{EAD51AD5-3A7A-4F57-9CA8-41702C63474A}.Release|Any CPU.ActiveCfg = Release|Any CPU
		{EAD51AD5-3A7A-4F57-9CA8-41702C63474A}.Release|Any CPU.Build.0 = Release|Any CPU
	EndGlobalSection
	GlobalSection(SolutionProperties) = preSolution
		HideSolutionNode = FALSE
	EndGlobalSection
	GlobalSection(NestedProjects) = preSolution
		{7553A019-ED97-4331-9899-2436594EDCB9} = {0C7B7E07-2D85-4838-87EF-5B7E1C2CABE9}
	EndGlobalSection
EndGlobal
