
Microsoft Visual Studio Solution File, Format Version 12.00
# Visual Studio Version 17
VisualStudioVersion = 17.0.31903.59
MinimumVisualStudioVersion = 10.0.40219.1
Project("{2150E333-8FDC-42A3-9474-1A3956D46DE8}") = "tests", "tests", "{E60A4DEC-B3CD-4746-9864-CFC77773A889}"
EndProject
Project("{FAE04EC0-301F-11D3-BF4B-00C04F79EFBC}") = "AuthServerUnitTest", "tests\AuthServerUnitTest\AuthServerUnitTest.csproj", "{4676EB50-CB23-46B0-9651-5CB6EA96D538}"
EndProject
Project("{2150E333-8FDC-42A3-9474-1A3956D46DE8}") = "src", "src", "{3930D28E-F835-4A30-B1FC-86276F8B573B}"
EndProject
Project("{2150E333-8FDC-42A3-9474-1A3956D46DE8}") = "AuthServer", "AuthServer", "{CD8EA409-6FDB-48AA-B9D2-68CF0678471F}"
EndProject
Project("{FAE04EC0-301F-11D3-BF4B-00C04F79EFBC}") = "AuthServer.Core", "src\AuthServer\AuthServer.Core\AuthServer.Core.csproj", "{711180A9-15F5-4ED7-886A-578CA67219D2}"
EndProject
Project("{FAE04EC0-301F-11D3-BF4B-00C04F79EFBC}") = "AuthServer.Infrastructure", "src\AuthServer\AuthServer.Infrastructure\AuthServer.Infrastructure.csproj", "{FF12D144-388D-4D54-B544-94C3D6624AEF}"
EndProject
Project("{FAE04EC0-301F-11D3-BF4B-00C04F79EFBC}") = "AuthServer.Api", "src\AuthServer\AuthServer.Api\AuthServer.Api.csproj", "{46C5E3B9-FBB4-4EE0-8E62-17A7E5073A72}"
EndProject
Global
	GlobalSection(SolutionConfigurationPlatforms) = preSolution
		Debug|Any CPU = Debug|Any CPU
		Release|Any CPU = Release|Any CPU
	EndGlobalSection
	GlobalSection(ProjectConfigurationPlatforms) = postSolution
		{4676EB50-CB23-46B0-9651-5CB6EA96D538}.Debug|Any CPU.ActiveCfg = Debug|Any CPU
		{4676EB50-CB23-46B0-9651-5CB6EA96D538}.Debug|Any CPU.Build.0 = Debug|Any CPU
		{4676EB50-CB23-46B0-9651-5CB6EA96D538}.Release|Any CPU.ActiveCfg = Release|Any CPU
		{4676EB50-CB23-46B0-9651-5CB6EA96D538}.Release|Any CPU.Build.0 = Release|Any CPU
		{711180A9-15F5-4ED7-886A-578CA67219D2}.Debug|Any CPU.ActiveCfg = Debug|Any CPU
		{711180A9-15F5-4ED7-886A-578CA67219D2}.Debug|Any CPU.Build.0 = Debug|Any CPU
		{711180A9-15F5-4ED7-886A-578CA67219D2}.Release|Any CPU.ActiveCfg = Release|Any CPU
		{711180A9-15F5-4ED7-886A-578CA67219D2}.Release|Any CPU.Build.0 = Release|Any CPU
		{FF12D144-388D-4D54-B544-94C3D6624AEF}.Debug|Any CPU.ActiveCfg = Debug|Any CPU
		{FF12D144-388D-4D54-B544-94C3D6624AEF}.Debug|Any CPU.Build.0 = Debug|Any CPU
		{FF12D144-388D-4D54-B544-94C3D6624AEF}.Release|Any CPU.ActiveCfg = Release|Any CPU
		{FF12D144-388D-4D54-B544-94C3D6624AEF}.Release|Any CPU.Build.0 = Release|Any CPU
		{46C5E3B9-FBB4-4EE0-8E62-17A7E5073A72}.Debug|Any CPU.ActiveCfg = Debug|Any CPU
		{46C5E3B9-FBB4-4EE0-8E62-17A7E5073A72}.Debug|Any CPU.Build.0 = Debug|Any CPU
		{46C5E3B9-FBB4-4EE0-8E62-17A7E5073A72}.Release|Any CPU.ActiveCfg = Release|Any CPU
		{46C5E3B9-FBB4-4EE0-8E62-17A7E5073A72}.Release|Any CPU.Build.0 = Release|Any CPU
	EndGlobalSection
	GlobalSection(SolutionProperties) = preSolution
		HideSolutionNode = FALSE
	EndGlobalSection
	GlobalSection(NestedProjects) = preSolution
		{4676EB50-CB23-46B0-9651-5CB6EA96D538} = {E60A4DEC-B3CD-4746-9864-CFC77773A889}
		{CD8EA409-6FDB-48AA-B9D2-68CF0678471F} = {3930D28E-F835-4A30-B1FC-86276F8B573B}
		{711180A9-15F5-4ED7-886A-578CA67219D2} = {CD8EA409-6FDB-48AA-B9D2-68CF0678471F}
		{FF12D144-388D-4D54-B544-94C3D6624AEF} = {CD8EA409-6FDB-48AA-B9D2-68CF0678471F}
		{46C5E3B9-FBB4-4EE0-8E62-17A7E5073A72} = {CD8EA409-6FDB-48AA-B9D2-68CF0678471F}
	EndGlobalSection
EndGlobal
