
Microsoft Visual Studio Solution File, Format Version 12.00
# Visual Studio Version 17
VisualStudioVersion = 17.0.31903.59
MinimumVisualStudioVersion = 10.0.40219.1
Project("{2150E333-8FDC-42A3-9474-1A3956D46DE8}") = "src", "src", "{7005C10E-3D89-490E-8437-3F536BDDB3B1}"
EndProject
Project("{FAE04EC0-301F-11D3-BF4B-00C04F79EFBC}") = "ChatgptDemo", "src\ChatgptDemo\ChatgptDemo.csproj", "{43554CB3-DE59-44E7-A79B-9FD940A83919}"
EndProject
Project("{2150E333-8FDC-42A3-9474-1A3956D46DE8}") = "Common", "Common", "{1FD1380B-14DE-43AD-9A24-B409DC553F0F}"
EndProject
Project("{FAE04EC0-301F-11D3-BF4B-00C04F79EFBC}") = "Common.Core", "src\Common\Common.Core\Common.Core.csproj", "{60C46293-6AA1-431C-845E-BFFE3E8C953F}"
EndProject
Project("{FAE04EC0-301F-11D3-BF4B-00C04F79EFBC}") = "EntrySystemDemo", "src\EntrySystemDemo\EntrySystemDemo.csproj", "{00503E46-09C2-4E52-9CBB-ED9D59F94CF8}"
EndProject
Project("{FAE04EC0-301F-11D3-BF4B-00C04F79EFBC}") = "LoginServerDb.Data", "src\LoginServerDb.Data\LoginServerDb.Data.csproj", "{31D4B6E9-93A8-4D78-9B99-498D14A62BA3}"
EndProject
Global
	GlobalSection(SolutionConfigurationPlatforms) = preSolution
		Debug|Any CPU = Debug|Any CPU
		Release|Any CPU = Release|Any CPU
	EndGlobalSection
	GlobalSection(ProjectConfigurationPlatforms) = postSolution
		{582FF04A-307B-4D6A-9A1A-C504E0640647}.Debug|Any CPU.ActiveCfg = Debug|Any CPU
		{582FF04A-307B-4D6A-9A1A-C504E0640647}.Debug|Any CPU.Build.0 = Debug|Any CPU
		{582FF04A-307B-4D6A-9A1A-C504E0640647}.Release|Any CPU.ActiveCfg = Release|Any CPU
		{582FF04A-307B-4D6A-9A1A-C504E0640647}.Release|Any CPU.Build.0 = Release|Any CPU
		{7553A019-ED97-4331-9899-2436594EDCB9}.Debug|Any CPU.ActiveCfg = Debug|Any CPU
		{7553A019-ED97-4331-9899-2436594EDCB9}.Debug|Any CPU.Build.0 = Debug|Any CPU
		{7553A019-ED97-4331-9899-2436594EDCB9}.Release|Any CPU.ActiveCfg = Release|Any CPU
		{7553A019-ED97-4331-9899-2436594EDCB9}.Release|Any CPU.Build.0 = Release|Any CPU
		{EAD51AD5-3A7A-4F57-9CA8-41702C63474A}.Debug|Any CPU.ActiveCfg = Debug|Any CPU
		{EAD51AD5-3A7A-4F57-9CA8-41702C63474A}.Debug|Any CPU.Build.0 = Debug|Any CPU
		{EAD51AD5-3A7A-4F57-9CA8-41702C63474A}.Release|Any CPU.ActiveCfg = Release|Any CPU
		{EAD51AD5-3A7A-4F57-9CA8-41702C63474A}.Release|Any CPU.Build.0 = Release|Any CPU
		{C9022C4E-F2C9-4AF8-8B61-08399D5692E3}.Debug|Any CPU.ActiveCfg = Debug|Any CPU
		{C9022C4E-F2C9-4AF8-8B61-08399D5692E3}.Debug|Any CPU.Build.0 = Debug|Any CPU
		{C9022C4E-F2C9-4AF8-8B61-08399D5692E3}.Release|Any CPU.ActiveCfg = Release|Any CPU
		{C9022C4E-F2C9-4AF8-8B61-08399D5692E3}.Release|Any CPU.Build.0 = Release|Any CPU
		{0BDEE019-BB7D-4D86-8FBC-3F9B1B07A6F9}.Debug|Any CPU.ActiveCfg = Debug|Any CPU
		{0BDEE019-BB7D-4D86-8FBC-3F9B1B07A6F9}.Debug|Any CPU.Build.0 = Debug|Any CPU
		{0BDEE019-BB7D-4D86-8FBC-3F9B1B07A6F9}.Release|Any CPU.ActiveCfg = Release|Any CPU
		{0BDEE019-BB7D-4D86-8FBC-3F9B1B07A6F9}.Release|Any CPU.Build.0 = Release|Any CPU
		{43554CB3-DE59-44E7-A79B-9FD940A83919}.Debug|Any CPU.ActiveCfg = Debug|Any CPU
		{43554CB3-DE59-44E7-A79B-9FD940A83919}.Debug|Any CPU.Build.0 = Debug|Any CPU
		{43554CB3-DE59-44E7-A79B-9FD940A83919}.Release|Any CPU.ActiveCfg = Release|Any CPU
		{43554CB3-DE59-44E7-A79B-9FD940A83919}.Release|Any CPU.Build.0 = Release|Any CPU
		{60C46293-6AA1-431C-845E-BFFE3E8C953F}.Debug|Any CPU.ActiveCfg = Debug|Any CPU
		{60C46293-6AA1-431C-845E-BFFE3E8C953F}.Debug|Any CPU.Build.0 = Debug|Any CPU
		{60C46293-6AA1-431C-845E-BFFE3E8C953F}.Release|Any CPU.ActiveCfg = Release|Any CPU
		{60C46293-6AA1-431C-845E-BFFE3E8C953F}.Release|Any CPU.Build.0 = Release|Any CPU
		{00503E46-09C2-4E52-9CBB-ED9D59F94CF8}.Debug|Any CPU.ActiveCfg = Debug|Any CPU
		{00503E46-09C2-4E52-9CBB-ED9D59F94CF8}.Debug|Any CPU.Build.0 = Debug|Any CPU
		{00503E46-09C2-4E52-9CBB-ED9D59F94CF8}.Release|Any CPU.ActiveCfg = Release|Any CPU
		{00503E46-09C2-4E52-9CBB-ED9D59F94CF8}.Release|Any CPU.Build.0 = Release|Any CPU
		{31D4B6E9-93A8-4D78-9B99-498D14A62BA3}.Debug|Any CPU.ActiveCfg = Debug|Any CPU
		{31D4B6E9-93A8-4D78-9B99-498D14A62BA3}.Debug|Any CPU.Build.0 = Debug|Any CPU
		{31D4B6E9-93A8-4D78-9B99-498D14A62BA3}.Release|Any CPU.ActiveCfg = Release|Any CPU
		{31D4B6E9-93A8-4D78-9B99-498D14A62BA3}.Release|Any CPU.Build.0 = Release|Any CPU
	EndGlobalSection
	GlobalSection(SolutionProperties) = preSolution
		HideSolutionNode = FALSE
	EndGlobalSection
	GlobalSection(NestedProjects) = preSolution
		{7553A019-ED97-4331-9899-2436594EDCB9} = {0C7B7E07-2D85-4838-87EF-5B7E1C2CABE9}
		{C9022C4E-F2C9-4AF8-8B61-08399D5692E3} = {BB8DF83C-2DDA-4A4E-A760-070B628F299B}
		{43554CB3-DE59-44E7-A79B-9FD940A83919} = {7005C10E-3D89-490E-8437-3F536BDDB3B1}
		{1FD1380B-14DE-43AD-9A24-B409DC553F0F} = {7005C10E-3D89-490E-8437-3F536BDDB3B1}
		{60C46293-6AA1-431C-845E-BFFE3E8C953F} = {1FD1380B-14DE-43AD-9A24-B409DC553F0F}
		{00503E46-09C2-4E52-9CBB-ED9D59F94CF8} = {7005C10E-3D89-490E-8437-3F536BDDB3B1}
		{31D4B6E9-93A8-4D78-9B99-498D14A62BA3} = {7005C10E-3D89-490E-8437-3F536BDDB3B1}
	EndGlobalSection
EndGlobal
